
Microsoft Visual Studio Solution File, Format Version 12.00
# Visual Studio 15
VisualStudioVersion = 15.0.28307.168
MinimumVisualStudioVersion = 10.0.40219.1
Project("{FAE04EC0-301F-11D3-BF4B-00C04F79EFBC}") = "P2-OrdendeFiguras", "P2-OrdendeFiguras\P2-OrdendeFiguras.csproj", "{E28E039B-740E-438B-B8E4-48D03EC6FC4B}"
EndProject
Global
	GlobalSection(SolutionConfigurationPlatforms) = preSolution
		Debug|Any CPU = Debug|Any CPU
		Release|Any CPU = Release|Any CPU
	EndGlobalSection
	GlobalSection(ProjectConfigurationPlatforms) = postSolution
		{E28E039B-740E-438B-B8E4-48D03EC6FC4B}.Debug|Any CPU.ActiveCfg = Debug|Any CPU
		{E28E039B-740E-438B-B8E4-48D03EC6FC4B}.Debug|Any CPU.Build.0 = Debug|Any CPU
		{E28E039B-740E-438B-B8E4-48D03EC6FC4B}.Release|Any CPU.ActiveCfg = Release|Any CPU
		{E28E039B-740E-438B-B8E4-48D03EC6FC4B}.Release|Any CPU.Build.0 = Release|Any CPU
	EndGlobalSection
	GlobalSection(SolutionProperties) = preSolution
		HideSolutionNode = FALSE
	EndGlobalSection
	GlobalSection(ExtensibilityGlobals) = postSolution
		SolutionGuid = {3647B8B3-7EBD-40ED-9381-AE41C17C2633}
	EndGlobalSection
EndGlobal
